{
  "version": 4,
  "terraform_version": "1.2.6",
  "serial": 16,
  "lineage": "105e076d-2263-d4b8-d093-3740aceb096f",
  "outputs": {},
  "resources": [
    {
      "mode": "data",
      "type": "http",
      "name": "get_team",
      "provider": "provider[\"registry.terraform.io/hashicorp/http\"]",
      "instances": [
        {
          "index_key": "Computing",
          "schema_version": 0,
          "attributes": {
            "body": "{\n  \"count\" : 1,\n  \"results\" : [ {\n    \"created\" : 1647611327510,\n    \"creator\" : \"E4gc66EA0AA\",\n    \"customProperties\" : null,\n    \"description\" : \"Supports Virtual Servers, Appliances, Active Directory, and Cloud Computing\\n\\n\\n\\n\u003ctable\u003e\u003ccaption\u003e\u003ccenter\u003e\\n\u003ch2\u003e\u003cem\u003e\u003ca href=\\\"mailto:SHISComputingPlatformsEngineering@scrippshealth.org\\\" target=\\\"_blank\\\"\u003eComputing Platforms - Server Infrastructure\u003c/a\u003e\u003c/em\u003e\u003c/h2\u003e\\n\u003c/center\u003e\u003c/caption\u003e\\n\u003ctbody\u003e\\n\u003ctr\u003e\\n\u003cth\u003e\\n\u003ch2\u003e\u003cem\u003ePosition\u003c/em\u003e\u003c/h2\u003e\\n\u003c/th\u003e\\n\u003cth\u003e\\n\u003ch2\u003e\u003cem\u003eName\u003c/em\u003e\u003c/h2\u003e\\n\u003c/th\u003e\\n\u003cth\u003e\\n\u003ch2\u003e\u003cem\u003eEmail\u003c/em\u003e\u003c/h2\u003e\\n\u003c/th\u003e\\n\u003cth\u003e\\n\u003ch2\u003e\u003cem\u003eTeams\u003c/em\u003e\u003c/h2\u003e\\n\u003c/th\u003e\\n\u003c/tr\u003e\\n\u003ctr\u003e\\n\u003ctd\u003e\\n\u003ch2\u003e\u003cem\u003eDir, IS Enterprise Architectur\u0026nbsp; \u0026nbsp;\u003c/em\u003e\u003c/h2\u003e\\n\u003c/td\u003e\\n\u003ctd\u003e\\n\u003ch2\u003e\u003cem\u003eNye, Isaac\u003c/em\u003e\u003c/h2\u003e\\n\u003c/td\u003e\\n\u003ctd\u003e\\n\u003ch2\u003e\u003cem\u003e\u003ca href=\\\"mailto:Nye.Isaac@scrippshealth.org\\\" target=\\\"_blank\\\"\u003eNye.Isaac@scrippshealth.org\u003c/a\u003e\u003c/em\u003e\u003c/h2\u003e\\n\u003c/td\u003e\\n\u003ctd\u003e\\n\u003ch2\u003e\u003cem\u003e\u003ca href=\\\"https://teams.microsoft.com/l/chat/0/0?users=Nye.Isaac%40scrippshealth.org\\\" target=\\\"_blank\\\"\u003eMessage!\u003c/a\u003e\u003c/em\u003e\u003c/h2\u003e\\n\u003c/td\u003e\\n\u003c/tr\u003e\\n\u003ctr\u003e\\n\u003ctd\u003e\\n\u003ch2\u003e\u003cem\u003eSystems Architect\u003c/em\u003e\u003c/h2\u003e\\n\u003c/td\u003e\\n\u003ctd\u003e\\n\u003ch2\u003e\u003cem\u003eTaylor, James\u003c/em\u003e\u003c/h2\u003e\\n\u003c/td\u003e\\n\u003ctd\u003e\\n\u003ch2\u003e\u003cem\u003e\u003ca href=\\\"mailto:Taylor.James@scrippshealth.org\\\" target=\\\"_blank\\\"\u003eTaylor.James@scrippshealth.org\u003c/a\u003e\u003c/em\u003e\u003c/h2\u003e\\n\u003c/td\u003e\\n\u003ctd\u003e\\n\u003ch2\u003e\u003cem\u003e\u003ca href=\\\"https://teams.microsoft.com/l/chat/0/0?users=Taylor.James%40scrippshealth.org\\\" target=\\\"_blank\\\"\u003eMessage!\u003c/a\u003e\u003c/em\u003e\u003c/h2\u003e\\n\u003c/td\u003e\\n\u003c/tr\u003e\\n\u003ctr\u003e\\n\u003ctd\u003e\\n\u003ch2\u003e\u003cem\u003eSystems Engineer\u003c/em\u003e\u003c/h2\u003e\\n\u003c/td\u003e\\n\u003ctd\u003e\\n\u003ch2\u003e\u003cem\u003eLawson, Levi\u003c/em\u003e\u003c/h2\u003e\\n\u003c/td\u003e\\n\u003ctd\u003e\\n\u003ch2\u003e\u003cem\u003e\u003ca href=\\\"mailto:Lawson.Levi@scrippshealth.org\\\" target=\\\"_blank\\\"\u003eLawson.Levi@scrippshealth.org\u003c/a\u003e\u003c/em\u003e\u003c/h2\u003e\\n\u003c/td\u003e\\n\u003ctd\u003e\\n\u003ch2\u003e\u003cem\u003e\u003ca href=\\\"https://teams.microsoft.com/l/chat/0/0?users=Lawson.Levi%40scrippshealth.org\\\" target=\\\"_blank\\\"\u003eMessage!\u003c/a\u003e\u003c/em\u003e\u003c/h2\u003e\\n\u003c/td\u003e\\n\u003c/tr\u003e\\n\u003ctr\u003e\\n\u003ctd\u003e\\n\u003ch2\u003e\u003cem\u003eSystems Engineer\u003c/em\u003e\u003c/h2\u003e\\n\u003c/td\u003e\\n\u003ctd\u003e\\n\u003ch2\u003e\u003cem\u003eGarcia, Christopher A.\u0026nbsp; \u0026nbsp;\u003c/em\u003e\u003c/h2\u003e\\n\u003c/td\u003e\\n\u003ctd\u003e\\n\u003ch2\u003e\u003cem\u003e\u003ca href=\\\"mailto:Garcia.Christopher@scrippshealth.org\\\" target=\\\"_blank\\\"\u003eGarcia.Christopher@scrippshealth.org\u0026nbsp; \u0026nbsp;\u003c/a\u003e\u003c/em\u003e\u003c/h2\u003e\\n\u003c/td\u003e\\n\u003ctd\u003e\\n\u003ch2\u003e\u003cem\u003e\u003ca href=\\\"https://teams.microsoft.com/l/chat/0/0?users=Garcia.Christopher%40scrippshealth.org\\\" target=\\\"_blank\\\"\u003eMessage!\u003c/a\u003e\u003c/em\u003e\u003c/h2\u003e\\n\u003c/td\u003e\\n\u003c/tr\u003e\\n\u003ctr\u003e\\n\u003ctd\u003e\\n\u003ch2\u003e\u003cem\u003eSystems Engineer\u003c/em\u003e\u003c/h2\u003e\\n\u003c/td\u003e\\n\u003ctd\u003e\\n\u003ch2\u003e\u003cem\u003eElliott, Frank\u003c/em\u003e\u003c/h2\u003e\\n\u003c/td\u003e\\n\u003ctd\u003e\\n\u003ch2\u003e\u003cem\u003e\u003ca href=\\\"mailto:Elliott.Frank@scrippshealth.org\\\" target=\\\"_blank\\\"\u003eElliott.Frank@scrippshealth.org\u003c/a\u003e\u003c/em\u003e\u003c/h2\u003e\\n\u003c/td\u003e\\n\u003ctd\u003e\\n\u003ch2\u003e\u003cem\u003e\u003ca href=\\\"https://teams.microsoft.com/l/chat/0/0?users=Elliott.Frank%40scrippshealth.org\\\" target=\\\"_blank\\\"\u003eMessage!\u003c/a\u003e\u003c/em\u003e\u003c/h2\u003e\\n\u003c/td\u003e\\n\u003c/tr\u003e\\n\u003ctr\u003e\\n\u003ctd\u003e\\n\u003ch2\u003e\u003cem\u003eSystems Engineer\u003c/em\u003e\u003c/h2\u003e\\n\u003c/td\u003e\\n\u003ctd\u003e\\n\u003ch2\u003e\u003cem\u003eGilroy, David R.\u003c/em\u003e\u003c/h2\u003e\\n\u003c/td\u003e\\n\u003ctd\u003e\\n\u003ch2\u003e\u003cem\u003e\u003ca href=\\\"mailto:Gilroy.David@scrippshealth.org\\\" target=\\\"_blank\\\"\u003eGilroy.David@scrippshealth.org\u003c/a\u003e\u003c/em\u003e\u003c/h2\u003e\\n\u003c/td\u003e\\n\u003ctd\u003e\\n\u003ch2\u003e\u003cem\u003e\u003ca href=\\\"https://teams.microsoft.com/l/chat/0/0?users=Gilroy.David%40scrippshealth.org\\\" target=\\\"_blank\\\"\u003eMessage!\u003c/a\u003e\u003c/em\u003e\u003c/h2\u003e\\n\u003c/td\u003e\\n\u003c/tr\u003e\\n\u003ctr\u003e\\n\u003ctd\u003e\\n\u003ch2\u003e\u003cem\u003eSystems Engineer\u003c/em\u003e\u003c/h2\u003e\\n\u003c/td\u003e\\n\u003ctd\u003e\\n\u003ch2\u003e\u003cem\u003eConti, Jason\u003c/em\u003e\u003c/h2\u003e\\n\u003c/td\u003e\\n\u003ctd\u003e\\n\u003ch2\u003e\u003cem\u003e\u003ca href=\\\"mailto:Conti.Jason@scrippshealth.org\\\" target=\\\"_blank\\\"\u003eConti.Jason@scrippshealth.org\u003c/a\u003e\u003c/em\u003e\u003c/h2\u003e\\n\u003c/td\u003e\\n\u003ctd\u003e\\n\u003ch2\u003e\u003cem\u003e\u003ca href=\\\"https://teams.microsoft.com/l/chat/0/0?users=Conti.Jason%40scrippshealth.org\\\" target=\\\"_blank\\\"\u003eMessage!\u003c/a\u003e\u003c/em\u003e\u003c/h2\u003e\\n\u003c/td\u003e\\n\u003c/tr\u003e\\n\u003ctr\u003e\\n\u003ctd\u003e\\n\u003ch2\u003e\u003cem\u003eSystems Analyst\u003c/em\u003e\u003c/h2\u003e\\n\u003c/td\u003e\\n\u003ctd\u003e\\n\u003ch2\u003e\u003cem\u003eDAbreo, Vincent G. III\u003c/em\u003e\u003c/h2\u003e\\n\u003c/td\u003e\\n\u003ctd\u003e\\n\u003ch2\u003e\u003cem\u003e\u003ca href=\\\"mailto:DAbreo.Vincent@scrippshealth.org\\\" target=\\\"_blank\\\"\u003eDAbreo.Vincent@scrippshealth.org\u003c/a\u003e\u003c/em\u003e\u003c/h2\u003e\\n\u003c/td\u003e\\n\u003ctd\u003e\\n\u003ch2\u003e\u003cem\u003e\u003ca href=\\\"https://teams.microsoft.com/l/chat/0/0?users=DAbreo.Vincent%40scrippshealth.org\\\" target=\\\"_blank\\\"\u003eMessage!\u003c/a\u003e\u003c/em\u003e\u003c/h2\u003e\\n\u003c/td\u003e\\n\u003c/tr\u003e\\n\u003c/tbody\u003e\\n\u003c/table\u003e\",\n    \"id\" : \"FOIsbuUA4AA\",\n    \"lastUpdated\" : 1659042406956,\n    \"lastUpdatedBy\" : \"E4gc66EA0AA\",\n    \"members\" : [ \"FXp9ebUA0AE\", \"FNlK-hpA0A0\", \"FXp-9SsA0Ac\", \"FXp-NMAA0AA\", \"FNl6Yy7AwAQ\", \"FNlLKQWAwAs\", \"FXp9od2A4AA\", \"FWh-YJIA4AE\", \"FXp9W22AwAE\" ],\n    \"name\" : \"Computing Platforms\",\n    \"notificationLists\" : {\n      \"critical\" : null,\n      \"default\" : [ {\n        \"type\" : \"TeamEmail\",\n        \"team\" : \"FOIsbuUA4AA\"\n      } ],\n      \"info\" : null,\n      \"major\" : null,\n      \"minor\" : null,\n      \"warning\" : null\n    },\n    \"tags\" : null\n  } ]\n}",
            "id": "https://api.us1.signalfx.com/v2/team?name=Computing",
            "request_headers": {
              "X-SF-TOKEN": "Jvb6veDUfkx5udXnzLTNCQ"
            },
            "response_body": "{\n  \"count\" : 1,\n  \"results\" : [ {\n    \"created\" : 1647611327510,\n    \"creator\" : \"E4gc66EA0AA\",\n    \"customProperties\" : null,\n    \"description\" : \"Supports Virtual Servers, Appliances, Active Directory, and Cloud Computing\\n\\n\\n\\n\u003ctable\u003e\u003ccaption\u003e\u003ccenter\u003e\\n\u003ch2\u003e\u003cem\u003e\u003ca href=\\\"mailto:SHISComputingPlatformsEngineering@scrippshealth.org\\\" target=\\\"_blank\\\"\u003eComputing Platforms - Server Infrastructure\u003c/a\u003e\u003c/em\u003e\u003c/h2\u003e\\n\u003c/center\u003e\u003c/caption\u003e\\n\u003ctbody\u003e\\n\u003ctr\u003e\\n\u003cth\u003e\\n\u003ch2\u003e\u003cem\u003ePosition\u003c/em\u003e\u003c/h2\u003e\\n\u003c/th\u003e\\n\u003cth\u003e\\n\u003ch2\u003e\u003cem\u003eName\u003c/em\u003e\u003c/h2\u003e\\n\u003c/th\u003e\\n\u003cth\u003e\\n\u003ch2\u003e\u003cem\u003eEmail\u003c/em\u003e\u003c/h2\u003e\\n\u003c/th\u003e\\n\u003cth\u003e\\n\u003ch2\u003e\u003cem\u003eTeams\u003c/em\u003e\u003c/h2\u003e\\n\u003c/th\u003e\\n\u003c/tr\u003e\\n\u003ctr\u003e\\n\u003ctd\u003e\\n\u003ch2\u003e\u003cem\u003eDir, IS Enterprise Architectur\u0026nbsp; \u0026nbsp;\u003c/em\u003e\u003c/h2\u003e\\n\u003c/td\u003e\\n\u003ctd\u003e\\n\u003ch2\u003e\u003cem\u003eNye, Isaac\u003c/em\u003e\u003c/h2\u003e\\n\u003c/td\u003e\\n\u003ctd\u003e\\n\u003ch2\u003e\u003cem\u003e\u003ca href=\\\"mailto:Nye.Isaac@scrippshealth.org\\\" target=\\\"_blank\\\"\u003eNye.Isaac@scrippshealth.org\u003c/a\u003e\u003c/em\u003e\u003c/h2\u003e\\n\u003c/td\u003e\\n\u003ctd\u003e\\n\u003ch2\u003e\u003cem\u003e\u003ca href=\\\"https://teams.microsoft.com/l/chat/0/0?users=Nye.Isaac%40scrippshealth.org\\\" target=\\\"_blank\\\"\u003eMessage!\u003c/a\u003e\u003c/em\u003e\u003c/h2\u003e\\n\u003c/td\u003e\\n\u003c/tr\u003e\\n\u003ctr\u003e\\n\u003ctd\u003e\\n\u003ch2\u003e\u003cem\u003eSystems Architect\u003c/em\u003e\u003c/h2\u003e\\n\u003c/td\u003e\\n\u003ctd\u003e\\n\u003ch2\u003e\u003cem\u003eTaylor, James\u003c/em\u003e\u003c/h2\u003e\\n\u003c/td\u003e\\n\u003ctd\u003e\\n\u003ch2\u003e\u003cem\u003e\u003ca href=\\\"mailto:Taylor.James@scrippshealth.org\\\" target=\\\"_blank\\\"\u003eTaylor.James@scrippshealth.org\u003c/a\u003e\u003c/em\u003e\u003c/h2\u003e\\n\u003c/td\u003e\\n\u003ctd\u003e\\n\u003ch2\u003e\u003cem\u003e\u003ca href=\\\"https://teams.microsoft.com/l/chat/0/0?users=Taylor.James%40scrippshealth.org\\\" target=\\\"_blank\\\"\u003eMessage!\u003c/a\u003e\u003c/em\u003e\u003c/h2\u003e\\n\u003c/td\u003e\\n\u003c/tr\u003e\\n\u003ctr\u003e\\n\u003ctd\u003e\\n\u003ch2\u003e\u003cem\u003eSystems Engineer\u003c/em\u003e\u003c/h2\u003e\\n\u003c/td\u003e\\n\u003ctd\u003e\\n\u003ch2\u003e\u003cem\u003eLawson, Levi\u003c/em\u003e\u003c/h2\u003e\\n\u003c/td\u003e\\n\u003ctd\u003e\\n\u003ch2\u003e\u003cem\u003e\u003ca href=\\\"mailto:Lawson.Levi@scrippshealth.org\\\" target=\\\"_blank\\\"\u003eLawson.Levi@scrippshealth.org\u003c/a\u003e\u003c/em\u003e\u003c/h2\u003e\\n\u003c/td\u003e\\n\u003ctd\u003e\\n\u003ch2\u003e\u003cem\u003e\u003ca href=\\\"https://teams.microsoft.com/l/chat/0/0?users=Lawson.Levi%40scrippshealth.org\\\" target=\\\"_blank\\\"\u003eMessage!\u003c/a\u003e\u003c/em\u003e\u003c/h2\u003e\\n\u003c/td\u003e\\n\u003c/tr\u003e\\n\u003ctr\u003e\\n\u003ctd\u003e\\n\u003ch2\u003e\u003cem\u003eSystems Engineer\u003c/em\u003e\u003c/h2\u003e\\n\u003c/td\u003e\\n\u003ctd\u003e\\n\u003ch2\u003e\u003cem\u003eGarcia, Christopher A.\u0026nbsp; \u0026nbsp;\u003c/em\u003e\u003c/h2\u003e\\n\u003c/td\u003e\\n\u003ctd\u003e\\n\u003ch2\u003e\u003cem\u003e\u003ca href=\\\"mailto:Garcia.Christopher@scrippshealth.org\\\" target=\\\"_blank\\\"\u003eGarcia.Christopher@scrippshealth.org\u0026nbsp; \u0026nbsp;\u003c/a\u003e\u003c/em\u003e\u003c/h2\u003e\\n\u003c/td\u003e\\n\u003ctd\u003e\\n\u003ch2\u003e\u003cem\u003e\u003ca href=\\\"https://teams.microsoft.com/l/chat/0/0?users=Garcia.Christopher%40scrippshealth.org\\\" target=\\\"_blank\\\"\u003eMessage!\u003c/a\u003e\u003c/em\u003e\u003c/h2\u003e\\n\u003c/td\u003e\\n\u003c/tr\u003e\\n\u003ctr\u003e\\n\u003ctd\u003e\\n\u003ch2\u003e\u003cem\u003eSystems Engineer\u003c/em\u003e\u003c/h2\u003e\\n\u003c/td\u003e\\n\u003ctd\u003e\\n\u003ch2\u003e\u003cem\u003eElliott, Frank\u003c/em\u003e\u003c/h2\u003e\\n\u003c/td\u003e\\n\u003ctd\u003e\\n\u003ch2\u003e\u003cem\u003e\u003ca href=\\\"mailto:Elliott.Frank@scrippshealth.org\\\" target=\\\"_blank\\\"\u003eElliott.Frank@scrippshealth.org\u003c/a\u003e\u003c/em\u003e\u003c/h2\u003e\\n\u003c/td\u003e\\n\u003ctd\u003e\\n\u003ch2\u003e\u003cem\u003e\u003ca href=\\\"https://teams.microsoft.com/l/chat/0/0?users=Elliott.Frank%40scrippshealth.org\\\" target=\\\"_blank\\\"\u003eMessage!\u003c/a\u003e\u003c/em\u003e\u003c/h2\u003e\\n\u003c/td\u003e\\n\u003c/tr\u003e\\n\u003ctr\u003e\\n\u003ctd\u003e\\n\u003ch2\u003e\u003cem\u003eSystems Engineer\u003c/em\u003e\u003c/h2\u003e\\n\u003c/td\u003e\\n\u003ctd\u003e\\n\u003ch2\u003e\u003cem\u003eGilroy, David R.\u003c/em\u003e\u003c/h2\u003e\\n\u003c/td\u003e\\n\u003ctd\u003e\\n\u003ch2\u003e\u003cem\u003e\u003ca href=\\\"mailto:Gilroy.David@scrippshealth.org\\\" target=\\\"_blank\\\"\u003eGilroy.David@scrippshealth.org\u003c/a\u003e\u003c/em\u003e\u003c/h2\u003e\\n\u003c/td\u003e\\n\u003ctd\u003e\\n\u003ch2\u003e\u003cem\u003e\u003ca href=\\\"https://teams.microsoft.com/l/chat/0/0?users=Gilroy.David%40scrippshealth.org\\\" target=\\\"_blank\\\"\u003eMessage!\u003c/a\u003e\u003c/em\u003e\u003c/h2\u003e\\n\u003c/td\u003e\\n\u003c/tr\u003e\\n\u003ctr\u003e\\n\u003ctd\u003e\\n\u003ch2\u003e\u003cem\u003eSystems Engineer\u003c/em\u003e\u003c/h2\u003e\\n\u003c/td\u003e\\n\u003ctd\u003e\\n\u003ch2\u003e\u003cem\u003eConti, Jason\u003c/em\u003e\u003c/h2\u003e\\n\u003c/td\u003e\\n\u003ctd\u003e\\n\u003ch2\u003e\u003cem\u003e\u003ca href=\\\"mailto:Conti.Jason@scrippshealth.org\\\" target=\\\"_blank\\\"\u003eConti.Jason@scrippshealth.org\u003c/a\u003e\u003c/em\u003e\u003c/h2\u003e\\n\u003c/td\u003e\\n\u003ctd\u003e\\n\u003ch2\u003e\u003cem\u003e\u003ca href=\\\"https://teams.microsoft.com/l/chat/0/0?users=Conti.Jason%40scrippshealth.org\\\" target=\\\"_blank\\\"\u003eMessage!\u003c/a\u003e\u003c/em\u003e\u003c/h2\u003e\\n\u003c/td\u003e\\n\u003c/tr\u003e\\n\u003ctr\u003e\\n\u003ctd\u003e\\n\u003ch2\u003e\u003cem\u003eSystems Analyst\u003c/em\u003e\u003c/h2\u003e\\n\u003c/td\u003e\\n\u003ctd\u003e\\n\u003ch2\u003e\u003cem\u003eDAbreo, Vincent G. III\u003c/em\u003e\u003c/h2\u003e\\n\u003c/td\u003e\\n\u003ctd\u003e\\n\u003ch2\u003e\u003cem\u003e\u003ca href=\\\"mailto:DAbreo.Vincent@scrippshealth.org\\\" target=\\\"_blank\\\"\u003eDAbreo.Vincent@scrippshealth.org\u003c/a\u003e\u003c/em\u003e\u003c/h2\u003e\\n\u003c/td\u003e\\n\u003ctd\u003e\\n\u003ch2\u003e\u003cem\u003e\u003ca href=\\\"https://teams.microsoft.com/l/chat/0/0?users=DAbreo.Vincent%40scrippshealth.org\\\" target=\\\"_blank\\\"\u003eMessage!\u003c/a\u003e\u003c/em\u003e\u003c/h2\u003e\\n\u003c/td\u003e\\n\u003c/tr\u003e\\n\u003c/tbody\u003e\\n\u003c/table\u003e\",\n    \"id\" : \"FOIsbuUA4AA\",\n    \"lastUpdated\" : 1659042406956,\n    \"lastUpdatedBy\" : \"E4gc66EA0AA\",\n    \"members\" : [ \"FXp9ebUA0AE\", \"FNlK-hpA0A0\", \"FXp-9SsA0Ac\", \"FXp-NMAA0AA\", \"FNl6Yy7AwAQ\", \"FNlLKQWAwAs\", \"FXp9od2A4AA\", \"FWh-YJIA4AE\", \"FXp9W22AwAE\" ],\n    \"name\" : \"Computing Platforms\",\n    \"notificationLists\" : {\n      \"critical\" : null,\n      \"default\" : [ {\n        \"type\" : \"TeamEmail\",\n        \"team\" : \"FOIsbuUA4AA\"\n      } ],\n      \"info\" : null,\n      \"major\" : null,\n      \"minor\" : null,\n      \"warning\" : null\n    },\n    \"tags\" : null\n  } ]\n}",
            "response_headers": {
              "Cache-Control": "no-cache, no-store, must-revalidate, no-transform",
              "Content-Type": "application/json",
              "Date": "Fri, 12 Aug 2022 05:29:49 GMT",
              "Expires": "0",
              "Server": "istio-envoy",
              "Server-Timing": "traceparent;desc=\"00-0000000000000000d79a43cb1d9fb45d-49858bc8b39a649c-01\"",
              "Strict-Transport-Security": "max-age=7776000",
              "Vary": "Accept-Encoding, User-Agent",
              "X-B3-Parentspanid": "08282f63bce9638d",
              "X-B3-Sampled": "1",
              "X-B3-Spanid": "49858bc8b39a649c",
              "X-B3-Traceid": "d79a43cb1d9fb45d",
              "X-Content-Type-Options": "nosniff",
              "X-Envoy-Upstream-Service-Time": "44"
            },
            "status_code": 200,
            "url": "https://api.us1.signalfx.com/v2/team?name=Computing"
          },
          "sensitive_attributes": []
        }
      ]
    },
    {
      "mode": "managed",
      "type": "signalfx_dashboard",
      "name": "test_dash_0",
      "provider": "provider[\"registry.terraform.io/splunk-terraform/signalfx\"]",
      "instances": [
        {
          "schema_version": 0,
          "attributes": {
            "authorized_writer_teams": null,
            "authorized_writer_users": null,
            "chart": [
              {
                "chart_id": "FZ78T-RAwAc",
                "column": 6,
                "height": 3,
                "row": 4,
                "width": 3
              },
              {
                "chart_id": "FZ78T-RAwAg",
                "column": 0,
                "height": 1,
                "row": 5,
                "width": 3
              },
              {
                "chart_id": "FZ78T-TA0AA",
                "column": 9,
                "height": 3,
                "row": 4,
                "width": 3
              },
              {
                "chart_id": "FZ78VTgAwAA",
                "column": 6,
                "height": 2,
                "row": 1,
                "width": 6
              },
              {
                "chart_id": "FZ78XhtA0AE",
                "column": 3,
                "height": 1,
                "row": 6,
                "width": 3
              },
              {
                "chart_id": "FZ78XrcA4AA",
                "column": 0,
                "height": 1,
                "row": 6,
                "width": 3
              },
              {
                "chart_id": "FZ78Y4eA0AA",
                "column": 3,
                "height": 1,
                "row": 4,
                "width": 3
              },
              {
                "chart_id": "FZ78Y8_A4AA",
                "column": 3,
                "height": 1,
                "row": 5,
                "width": 3
              },
              {
                "chart_id": "FZ78Yt4A0AA",
                "column": 0,
                "height": 1,
                "row": 0,
                "width": 12
              },
              {
                "chart_id": "FZ78aH5A4AE",
                "column": 0,
                "height": 1,
                "row": 4,
                "width": 3
              },
              {
                "chart_id": "FZ78bAKA0AA",
                "column": 6,
                "height": 1,
                "row": 3,
                "width": 3
              },
              {
                "chart_id": "FZ78c7BA0AA",
                "column": 0,
                "height": 3,
                "row": 1,
                "width": 6
              },
              {
                "chart_id": "FZ78curAwAA",
                "column": 9,
                "height": 1,
                "row": 3,
                "width": 3
              }
            ],
            "charts_resolution": "default",
            "column": [],
            "dashboard_group": "FZ78Yy6A4AA",
            "description": "",
            "discovery_options_query": null,
            "discovery_options_selectors": null,
            "end_time": null,
            "event_overlay": [],
            "filter": [
              {
                "apply_if_exist": false,
                "negated": false,
                "property": "description",
                "values": [
                  "*XA*"
                ]
              }
            ],
            "grid": [],
            "id": "FZ78Z7CA4AA",
            "name": "Test Name",
            "permissions": [
              {
                "acl": [],
                "parent": "FZ78Yy6A4AA"
              }
            ],
            "selected_event_overlay": [],
            "start_time": null,
            "tags": null,
            "time_range": "-3d",
            "url": "https://scripps.signalfx.com/#/dashboard/FZ78Z7CA4AA",
            "variable": [
              {
                "alias": "desc.",
                "apply_if_exist": false,
                "description": "",
                "property": "description",
                "replace_only": false,
                "restricted_suggestions": false,
                "value_required": false,
                "values": [],
                "values_suggested": []
              },
              {
                "alias": "server",
                "apply_if_exist": false,
                "description": "",
                "property": "host.name",
                "replace_only": true,
                "restricted_suggestions": false,
                "value_required": false,
                "values": [],
                "values_suggested": []
              }
            ]
          },
          "sensitive_attributes": [],
          "private": "bnVsbA==",
          "dependencies": [
            "signalfx_dashboard_group.test",
            "signalfx_event_feed_chart.test_dash_0_2",
            "signalfx_heatmap_chart.test_dash_0_1",
            "signalfx_list_chart.test_dash_0_11",
            "signalfx_list_chart.test_dash_0_12",
            "signalfx_list_chart.test_dash_0_5",
            "signalfx_list_chart.test_dash_0_6",
            "signalfx_list_chart.test_dash_0_7",
            "signalfx_list_chart.test_dash_0_8",
            "signalfx_single_value_chart.test_dash_0_3",
            "signalfx_text_chart.test_dash_0_0",
            "signalfx_time_chart.test_dash_0_10",
            "signalfx_time_chart.test_dash_0_4",
            "signalfx_time_chart.test_dash_0_9"
          ]
        }
      ]
    },
    {
      "mode": "managed",
      "type": "signalfx_dashboard_group",
      "name": "test",
      "provider": "provider[\"registry.terraform.io/splunk-terraform/signalfx\"]",
      "instances": [
        {
          "schema_version": 0,
          "attributes": {
            "authorized_writer_teams": null,
            "authorized_writer_users": null,
            "dashboard": [],
            "description": "",
            "id": "FZ78Yy6A4AA",
            "import_qualifier": [],
            "name": "Test Group ",
            "permissions": [
              {
                "actions": [
                  "READ",
                  "WRITE"
                ],
                "principal_id": "FOJEY_7AwAE",
                "principal_type": "TEAM"
              },
              {
                "actions": [
                  "READ"
                ],
                "principal_id": "FOItL4QA4AA",
                "principal_type": "TEAM"
              }
            ],
            "teams": [
              "FOItL4QA4AA"
            ]
          },
          "sensitive_attributes": [],
          "private": "bnVsbA=="
        }
      ]
    },
    {
      "mode": "managed",
      "type": "signalfx_event_feed_chart",
      "name": "test_dash_0_2",
      "provider": "provider[\"registry.terraform.io/splunk-terraform/signalfx\"]",
      "instances": [
        {
          "schema_version": 0,
          "attributes": {
            "description": "",
            "end_time": null,
            "id": "FZ78VTgAwAA",
            "name": "Event Feed",
            "program_text": "B = data('SS').publish(label='B')\nC = alerts(detector_name='Device Engineering').publish(label='C')\n",
            "start_time": null,
            "time_range": 86400,
            "url": "https://scripps.signalfx.com/#/chart/FZ78VTgAwAA"
          },
          "sensitive_attributes": [],
          "private": "bnVsbA=="
        }
      ]
    },
    {
      "mode": "managed",
      "type": "signalfx_heatmap_chart",
      "name": "test_dash_0_1",
      "provider": "provider[\"registry.terraform.io/splunk-terraform/signalfx\"]",
      "instances": [
        {
          "schema_version": 0,
          "attributes": {
            "color_range": [],
            "color_scale": [
              {
                "color": "lime_green",
                "gt": 340282346638528860000000000000000000000,
                "gte": 340282346638528860000000000000000000000,
                "lt": 340282346638528860000000000000000000000,
                "lte": 25
              },
              {
                "color": "red",
                "gt": 75,
                "gte": 340282346638528860000000000000000000000,
                "lt": 340282346638528860000000000000000000000,
                "lte": 340282346638528860000000000000000000000
              },
              {
                "color": "vivid_yellow",
                "gt": 25,
                "gte": 340282346638528860000000000000000000000,
                "lt": 340282346638528860000000000000000000000,
                "lte": 50
              },
              {
                "color": "yellow",
                "gt": 50,
                "gte": 340282346638528860000000000000000000000,
                "lt": 340282346638528860000000000000000000000,
                "lte": 75
              }
            ],
            "description": "Heatmap showing CPU Utilization % for all servers divided by group",
            "disable_sampling": true,
            "group_by": [
              "description"
            ],
            "hide_timestamp": true,
            "id": "FZ78c7BA0AA",
            "max_delay": 0,
            "minimum_resolution": 0,
            "name": "Hosts",
            "program_text": "A = data('cpu.utilization').publish(label='A')",
            "refresh_interval": null,
            "sort_by": "+host",
            "timezone": "UTC",
            "unit_prefix": "Metric",
            "url": "https://scripps.signalfx.com/#/chart/FZ78c7BA0AA"
          },
          "sensitive_attributes": [],
          "private": "bnVsbA=="
        }
      ]
    },
    {
      "mode": "managed",
      "type": "signalfx_list_chart",
      "name": "test_dash_0_11",
      "provider": "provider[\"registry.terraform.io/splunk-terraform/signalfx\"]",
      "instances": [
        {
          "schema_version": 0,
          "attributes": {
            "color_by": "Metric",
            "color_scale": [],
            "description": "",
            "disable_sampling": false,
            "end_time": null,
            "hide_missing_values": false,
            "id": "FZ78XrcA4AA",
            "legend_fields_to_hide": null,
            "legend_options_fields": [
              {
                "enabled": false,
                "property": "sf_originatingMetric"
              },
              {
                "enabled": true,
                "property": "sf_metric"
              }
            ],
            "max_delay": 0,
            "max_precision": 0,
            "name": "Total Network Errors",
            "program_text": "A = data('system.network.errors', filter=filter('direction', 'receive') and filter('host', '*') and (not filter('cloud.provider', '*')) and (not filter('AWSUniqueId', '*')) and (not filter('gcp_id', '*')) and (not filter('azure_resource_id', '*')) and (not filter('kubernetes_node', '*'))).count().publish(label='A')\nB = data('system.network.errors', filter=filter('direction', 'transmit') and filter('host', '*') and (not filter('cloud.provider', '*')) and (not filter('AWSUniqueId', '*')) and (not filter('gcp_id', '*')) and (not filter('azure_resource_id', '*')) and (not filter('kubernetes_node', '*'))).count().publish(label='B')\n",
            "refresh_interval": null,
            "secondary_visualization": "Sparkline",
            "sort_by": "",
            "start_time": null,
            "time_range": 900,
            "timezone": "UTC",
            "unit_prefix": "Metric",
            "url": "https://scripps.signalfx.com/#/chart/FZ78XrcA4AA",
            "viz_options": [
              {
                "color": "blue",
                "display_name": "errors with bytes in",
                "label": "A",
                "value_prefix": "",
                "value_suffix": "",
                "value_unit": ""
              },
              {
                "color": "orange",
                "display_name": "errors with bytes out",
                "label": "B",
                "value_prefix": "",
                "value_suffix": "",
                "value_unit": ""
              }
            ]
          },
          "sensitive_attributes": [],
          "private": "bnVsbA=="
        }
      ]
    },
    {
      "mode": "managed",
      "type": "signalfx_list_chart",
      "name": "test_dash_0_12",
      "provider": "provider[\"registry.terraform.io/splunk-terraform/signalfx\"]",
      "instances": [
        {
          "schema_version": 0,
          "attributes": {
            "color_by": "Dimension",
            "color_scale": [],
            "description": "",
            "disable_sampling": false,
            "end_time": null,
            "hide_missing_values": true,
            "id": "FZ78XhtA0AE",
            "legend_fields_to_hide": null,
            "legend_options_fields": [
              {
                "enabled": true,
                "property": "host.name"
              },
              {
                "enabled": false,
                "property": "sf_originatingMetric"
              },
              {
                "enabled": true,
                "property": "sf_metric"
              },
              {
                "enabled": true,
                "property": "host"
              }
            ],
            "max_delay": null,
            "max_precision": 0,
            "name": "Top Mem Page Swaps/sec",
            "program_text": "A = data('vmpage_io.swap.in', filter=filter('host', '*') and (not filter('cloud.provider', '*')) and (not filter('AWSUniqueId', '*')) and (not filter('gcp_id', '*')) and (not filter('azure_resource_id', '*')) and (not filter('kubernetes_node', '*'))).mean(by=['host']).top(count=5).publish(label='A')\nB = data('vmpage_io.swap.out', filter=filter('host', '*') and (not filter('cloud.provider', '*')) and (not filter('AWSUniqueId', '*')) and (not filter('gcp_id', '*')) and (not filter('azure_resource_id', '*')) and (not filter('kubernetes_node', '*')), rollup='delta').mean(by=['host']).top(count=5).publish(label='B')\n",
            "refresh_interval": 60,
            "secondary_visualization": "Sparkline",
            "sort_by": "-value",
            "start_time": null,
            "time_range": 900,
            "timezone": "UTC",
            "unit_prefix": "Metric",
            "url": "https://scripps.signalfx.com/#/chart/FZ78XhtA0AE",
            "viz_options": [
              {
                "color": "blue",
                "display_name": "pages swapped in/sec",
                "label": "A",
                "value_prefix": "",
                "value_suffix": "",
                "value_unit": ""
              },
              {
                "color": "orange",
                "display_name": "pages swapped out/sec",
                "label": "B",
                "value_prefix": "",
                "value_suffix": "",
                "value_unit": ""
              }
            ]
          },
          "sensitive_attributes": [],
          "private": "bnVsbA=="
        }
      ]
    },
    {
      "mode": "managed",
      "type": "signalfx_list_chart",
      "name": "test_dash_0_5",
      "provider": "provider[\"registry.terraform.io/splunk-terraform/signalfx\"]",
      "instances": [
        {
          "schema_version": 0,
          "attributes": {
            "color_by": "Scale",
            "color_scale": [
              {
                "color": "light_blue",
                "gt": 0,
                "gte": 340282346638528860000000000000000000000,
                "lt": 340282346638528860000000000000000000000,
                "lte": 340282346638528860000000000000000000000
              },
              {
                "color": "light_blue",
                "gt": 340282346638528860000000000000000000000,
                "gte": 340282346638528860000000000000000000000,
                "lt": 340282346638528860000000000000000000000,
                "lte": 0
              }
            ],
            "description": "",
            "disable_sampling": false,
            "end_time": null,
            "hide_missing_values": true,
            "id": "FZ78aH5A4AE",
            "legend_fields_to_hide": null,
            "legend_options_fields": [
              {
                "enabled": false,
                "property": "host.name"
              },
              {
                "enabled": false,
                "property": "sf_originatingMetric"
              },
              {
                "enabled": false,
                "property": "sf_metric"
              },
              {
                "enabled": true,
                "property": "host"
              }
            ],
            "max_delay": 0,
            "max_precision": 0,
            "name": "Top Network Bytes In",
            "program_text": "A = data('system.network.io', filter=filter('direction', 'receive') and filter('host', '*') and (not filter('cloud.provider', '*')) and (not filter('AWSUniqueId', '*')) and (not filter('gcp_id', '*')) and (not filter('azure_resource_id', '*')) and (not filter('kubernetes_node', '*'))).mean(by=['host']).publish(label='A')",
            "refresh_interval": 5,
            "secondary_visualization": "Sparkline",
            "sort_by": "-value",
            "start_time": null,
            "time_range": 900,
            "timezone": "UTC",
            "unit_prefix": "Binary",
            "url": "https://scripps.signalfx.com/#/chart/FZ78aH5A4AE",
            "viz_options": [
              {
                "color": "",
                "display_name": "system.network.io - Mean by host",
                "label": "A",
                "value_prefix": "",
                "value_suffix": "",
                "value_unit": "Byte"
              }
            ]
          },
          "sensitive_attributes": [],
          "private": "bnVsbA=="
        }
      ]
    },
    {
      "mode": "managed",
      "type": "signalfx_list_chart",
      "name": "test_dash_0_6",
      "provider": "provider[\"registry.terraform.io/splunk-terraform/signalfx\"]",
      "instances": [
        {
          "schema_version": 0,
          "attributes": {
            "color_by": "Scale",
            "color_scale": [
              {
                "color": "navy",
                "gt": 0,
                "gte": 340282346638528860000000000000000000000,
                "lt": 340282346638528860000000000000000000000,
                "lte": 340282346638528860000000000000000000000
              },
              {
                "color": "navy",
                "gt": 340282346638528860000000000000000000000,
                "gte": 340282346638528860000000000000000000000,
                "lt": 340282346638528860000000000000000000000,
                "lte": 0
              }
            ],
            "description": "",
            "disable_sampling": false,
            "end_time": null,
            "hide_missing_values": true,
            "id": "FZ78Y4eA0AA",
            "legend_fields_to_hide": null,
            "legend_options_fields": [
              {
                "enabled": false,
                "property": "host.name"
              },
              {
                "enabled": false,
                "property": "sf_originatingMetric"
              },
              {
                "enabled": false,
                "property": "sf_metric"
              },
              {
                "enabled": true,
                "property": "host"
              }
            ],
            "max_delay": 0,
            "max_precision": 0,
            "name": "Top Network Bytes Out",
            "program_text": "A = data('system.network.io', filter=filter('direction', 'transmit') and filter('host', '*') and (not filter('cloud.provider', '*')) and (not filter('AWSUniqueId', '*')) and (not filter('gcp_id', '*')) and (not filter('azure_resource_id', '*')) and (not filter('kubernetes_node', '*'))).mean(by=['host']).publish(label='A')",
            "refresh_interval": 5,
            "secondary_visualization": "Sparkline",
            "sort_by": "-value",
            "start_time": null,
            "time_range": 900,
            "timezone": "UTC",
            "unit_prefix": "Binary",
            "url": "https://scripps.signalfx.com/#/chart/FZ78Y4eA0AA",
            "viz_options": [
              {
                "color": "",
                "display_name": "system.network.io - Mean by host",
                "label": "A",
                "value_prefix": "",
                "value_suffix": "",
                "value_unit": "Byte"
              }
            ]
          },
          "sensitive_attributes": [],
          "private": "bnVsbA=="
        }
      ]
    },
    {
      "mode": "managed",
      "type": "signalfx_list_chart",
      "name": "test_dash_0_7",
      "provider": "provider[\"registry.terraform.io/splunk-terraform/signalfx\"]",
      "instances": [
        {
          "schema_version": 0,
          "attributes": {
            "color_by": "Scale",
            "color_scale": [
              {
                "color": "lime_green",
                "gt": 340282346638528860000000000000000000000,
                "gte": 0,
                "lt": 340282346638528860000000000000000000000,
                "lte": 25
              },
              {
                "color": "red",
                "gt": 75,
                "gte": 340282346638528860000000000000000000000,
                "lt": 340282346638528860000000000000000000000,
                "lte": 100
              },
              {
                "color": "vivid_yellow",
                "gt": 25,
                "gte": 340282346638528860000000000000000000000,
                "lt": 340282346638528860000000000000000000000,
                "lte": 50
              },
              {
                "color": "yellow",
                "gt": 50,
                "gte": 340282346638528860000000000000000000000,
                "lt": 340282346638528860000000000000000000000,
                "lte": 75
              }
            ],
            "description": "",
            "disable_sampling": false,
            "end_time": null,
            "hide_missing_values": true,
            "id": "FZ78T-RAwAc",
            "legend_fields_to_hide": null,
            "legend_options_fields": [
              {
                "enabled": false,
                "property": "sf_originatingMetric"
              },
              {
                "enabled": true,
                "property": "host.name"
              },
              {
                "enabled": false,
                "property": "os.type"
              },
              {
                "enabled": false,
                "property": "sf_metric"
              },
              {
                "enabled": true,
                "property": "host"
              },
              {
                "enabled": true,
                "property": "environment"
              },
              {
                "enabled": true,
                "property": "description"
              }
            ],
            "max_delay": 0,
            "max_precision": 0,
            "name": "Top 10 Memory Utilization",
            "program_text": "A = data('memory.utilization').top(count=10).publish(label='A')",
            "refresh_interval": null,
            "secondary_visualization": "Linear",
            "sort_by": "-value",
            "start_time": null,
            "time_range": 900,
            "timezone": "UTC",
            "unit_prefix": "Metric",
            "url": "https://scripps.signalfx.com/#/chart/FZ78T-RAwAc",
            "viz_options": [
              {
                "color": "",
                "display_name": "memory.utilization - Top 10",
                "label": "A",
                "value_prefix": "",
                "value_suffix": "",
                "value_unit": ""
              }
            ]
          },
          "sensitive_attributes": [],
          "private": "bnVsbA=="
        }
      ]
    },
    {
      "mode": "managed",
      "type": "signalfx_list_chart",
      "name": "test_dash_0_8",
      "provider": "provider[\"registry.terraform.io/splunk-terraform/signalfx\"]",
      "instances": [
        {
          "schema_version": 0,
          "attributes": {
            "color_by": "Scale",
            "color_scale": [
              {
                "color": "light_green",
                "gt": 60,
                "gte": 340282346638528860000000000000000000000,
                "lt": 340282346638528860000000000000000000000,
                "lte": 80
              },
              {
                "color": "lime_green",
                "gt": 80,
                "gte": 340282346638528860000000000000000000000,
                "lt": 340282346638528860000000000000000000000,
                "lte": 100
              },
              {
                "color": "red",
                "gt": 340282346638528860000000000000000000000,
                "gte": 0,
                "lt": 340282346638528860000000000000000000000,
                "lte": 20
              },
              {
                "color": "vivid_yellow",
                "gt": 40,
                "gte": 340282346638528860000000000000000000000,
                "lt": 340282346638528860000000000000000000000,
                "lte": 60
              },
              {
                "color": "yellow",
                "gt": 20,
                "gte": 340282346638528860000000000000000000000,
                "lt": 340282346638528860000000000000000000000,
                "lte": 40
              }
            ],
            "description": "",
            "disable_sampling": false,
            "end_time": null,
            "hide_missing_values": true,
            "id": "FZ78T-TA0AA",
            "legend_fields_to_hide": null,
            "legend_options_fields": [
              {
                "enabled": true,
                "property": "host.name"
              },
              {
                "enabled": true,
                "property": "description"
              },
              {
                "enabled": true,
                "property": "mountpoint"
              },
              {
                "enabled": false,
                "property": "sf_metric"
              },
              {
                "enabled": false,
                "property": "device"
              },
              {
                "enabled": false,
                "property": "fs_type"
              },
              {
                "enabled": false,
                "property": "host"
              },
              {
                "enabled": false,
                "property": "sf_originatingMetric"
              },
              {
                "enabled": false,
                "property": "mode"
              },
              {
                "enabled": false,
                "property": "os.type"
              },
              {
                "enabled": false,
                "property": "state"
              },
              {
                "enabled": false,
                "property": "type"
              },
              {
                "enabled": false,
                "property": "environment"
              },
              {
                "enabled": true,
                "property": "address"
              },
              {
                "enabled": true,
                "property": "contact"
              }
            ],
            "max_delay": 0,
            "max_precision": 0,
            "name": "Top 10 Disks Free Space (GB)",
            "program_text": "A = data('system.filesystem.usage', filter=filter('state', 'free') and filter('device', 'C:')).bottom(count=10).publish(label='A', enable=False)\nC = (A/1024/1024/1024).publish(label='C')\n",
            "refresh_interval": null,
            "secondary_visualization": "Linear",
            "sort_by": "+value",
            "start_time": null,
            "time_range": 900,
            "timezone": "UTC",
            "unit_prefix": "Metric",
            "url": "https://scripps.signalfx.com/#/chart/FZ78T-TA0AA",
            "viz_options": [
              {
                "color": "",
                "display_name": "GB Free",
                "label": "C",
                "value_prefix": "",
                "value_suffix": "",
                "value_unit": ""
              },
              {
                "color": "",
                "display_name": "system.filesystem.usage - Bottom 10",
                "label": "A",
                "value_prefix": "",
                "value_suffix": "",
                "value_unit": ""
              }
            ]
          },
          "sensitive_attributes": [],
          "private": "bnVsbA=="
        }
      ]
    },
    {
      "mode": "managed",
      "type": "signalfx_single_value_chart",
      "name": "test_dash_0_3",
      "provider": "provider[\"registry.terraform.io/splunk-terraform/signalfx\"]",
      "instances": [
        {
          "schema_version": 0,
          "attributes": {
            "color_by": "Dimension",
            "color_scale": [],
            "description": "",
            "id": "FZ78bAKA0AA",
            "is_timestamp_hidden": true,
            "max_delay": null,
            "max_precision": 4,
            "name": "Active Hosts",
            "program_text": "A = data('cpu.utilization', extrapolation='last_value', maxExtrapolations=2).mean(by=['host']).count().publish(label='A')",
            "refresh_interval": 300,
            "secondary_visualization": "None",
            "show_spark_line": false,
            "timezone": "UTC",
            "unit_prefix": "Metric",
            "url": "https://scripps.signalfx.com/#/chart/FZ78bAKA0AA",
            "viz_options": [
              {
                "color": "blue",
                "display_name": "cpu.utilization - COUNT",
                "label": "A",
                "value_prefix": "",
                "value_suffix": "",
                "value_unit": ""
              }
            ]
          },
          "sensitive_attributes": [],
          "private": "bnVsbA=="
        }
      ]
    },
    {
      "mode": "managed",
      "type": "signalfx_text_chart",
      "name": "test_dash_0_0",
      "provider": "provider[\"registry.terraform.io/splunk-terraform/signalfx\"]",
      "instances": [
        {
          "schema_version": 0,
          "attributes": {
            "description": "",
            "id": "FZ78Yt4A0AA",
            "markdown": "\u003ctable width=\"100%\" height=\"50%\" rules=\"none\"\u003e\u003ctr\u003e\u003ctd valign=\"middle\" align=\"center\" bgcolor=\"#4682B4\"\u003e\n\u003cfont size=\"5\" color=\"white\"\u003eScripps Health Test Name Servers\u003c/font\u003e\n\u003c/td\u003e\u003c/tr\u003e\u003c/table\u003e\n",
            "name": " ",
            "url": "https://scripps.signalfx.com/#/chart/FZ78Yt4A0AA"
          },
          "sensitive_attributes": [],
          "private": "bnVsbA=="
        }
      ]
    },
    {
      "mode": "managed",
      "type": "signalfx_time_chart",
      "name": "test_dash_0_10",
      "provider": "provider[\"registry.terraform.io/splunk-terraform/signalfx\"]",
      "instances": [
        {
          "schema_version": 1,
          "attributes": {
            "axes_include_zero": false,
            "axes_precision": 0,
            "axis_left": [],
            "axis_right": [],
            "color_by": "Dimension",
            "description": "",
            "disable_sampling": false,
            "end_time": null,
            "event_options": [],
            "histogram_options": [
              {
                "color_theme": "red"
              }
            ],
            "id": "FZ78Y8_A4AA",
            "legend_fields_to_hide": null,
            "legend_options_fields": [],
            "max_delay": null,
            "minimum_resolution": null,
            "name": "Network Bytes Out  vs. 24h Change %",
            "on_chart_legend_dimension": "plot_label",
            "plot_type": "ColumnChart",
            "program_text": "A = data('system.network.io', filter=filter('direction', 'transmit') and filter('host', '*') and (not filter('cloud.provider', '*')) and (not filter('AWSUniqueId', '*')) and (not filter('gcp_id', '*')) and (not filter('azure_resource_id', '*')) and (not filter('kubernetes_node', '*'))).sum().scale(60).mean(over='1h').publish(label='A')\nC = (A).timeshift('1d').publish(label='C', enable=False)\nD = (A/C-1).scale(100).publish(label='D')\n",
            "show_data_markers": false,
            "show_event_lines": false,
            "stacked": false,
            "start_time": null,
            "tags": null,
            "time_range": 3600,
            "timezone": "UTC",
            "unit_prefix": "Binary",
            "url": "https://scripps.signalfx.com/#/chart/FZ78Y8_A4AA",
            "viz_options": [
              {
                "axis": "left",
                "color": "",
                "display_name": "A - Timeshift 1d",
                "label": "C",
                "plot_type": "",
                "value_prefix": "",
                "value_suffix": "",
                "value_unit": ""
              },
              {
                "axis": "left",
                "color": "blue",
                "display_name": "bytes out",
                "label": "A",
                "plot_type": "",
                "value_prefix": "",
                "value_suffix": "",
                "value_unit": "Byte"
              },
              {
                "axis": "right",
                "color": "orange",
                "display_name": "24h change %",
                "label": "D",
                "plot_type": "LineChart",
                "value_prefix": "",
                "value_suffix": "",
                "value_unit": "Byte"
              }
            ]
          },
          "sensitive_attributes": [],
          "private": "eyJzY2hlbWFfdmVyc2lvbiI6IjEifQ=="
        }
      ]
    },
    {
      "mode": "managed",
      "type": "signalfx_time_chart",
      "name": "test_dash_0_4",
      "provider": "provider[\"registry.terraform.io/splunk-terraform/signalfx\"]",
      "instances": [
        {
          "schema_version": 1,
          "attributes": {
            "axes_include_zero": false,
            "axes_precision": 0,
            "axis_left": [],
            "axis_right": [],
            "color_by": "Dimension",
            "description": "Line graph for historical analysis of servers losing connection or power.",
            "disable_sampling": false,
            "end_time": null,
            "event_options": [],
            "histogram_options": [
              {
                "color_theme": "red"
              }
            ],
            "id": "FZ78curAwAA",
            "legend_fields_to_hide": null,
            "legend_options_fields": [],
            "max_delay": null,
            "minimum_resolution": 0,
            "name": "Total Active Hosts",
            "on_chart_legend_dimension": null,
            "plot_type": "LineChart",
            "program_text": "A = data('cpu.utilization', filter=(not filter('cloud.provider', '*')) and (not filter('AWSUniqueId', '*')) and (not filter('gcp_id', '*')) and (not filter('azure_resource_id', '*')) and (not filter('kubernetes_node', '*')), extrapolation='last_value', maxExtrapolations=2).mean(by=['host']).count().publish(label='A')",
            "show_data_markers": false,
            "show_event_lines": false,
            "stacked": false,
            "start_time": null,
            "tags": null,
            "time_range": 900,
            "timezone": "UTC",
            "unit_prefix": "Metric",
            "url": "https://scripps.signalfx.com/#/chart/FZ78curAwAA",
            "viz_options": [
              {
                "axis": "left",
                "color": "blue",
                "display_name": "cpu.utilization - COUNT",
                "label": "A",
                "plot_type": "",
                "value_prefix": "",
                "value_suffix": "",
                "value_unit": ""
              }
            ]
          },
          "sensitive_attributes": [],
          "private": "eyJzY2hlbWFfdmVyc2lvbiI6IjEifQ=="
        }
      ]
    },
    {
      "mode": "managed",
      "type": "signalfx_time_chart",
      "name": "test_dash_0_9",
      "provider": "provider[\"registry.terraform.io/splunk-terraform/signalfx\"]",
      "instances": [
        {
          "schema_version": 1,
          "attributes": {
            "axes_include_zero": false,
            "axes_precision": 0,
            "axis_left": [],
            "axis_right": [],
            "color_by": "Dimension",
            "description": "",
            "disable_sampling": false,
            "end_time": null,
            "event_options": [],
            "histogram_options": [
              {
                "color_theme": "red"
              }
            ],
            "id": "FZ78T-RAwAg",
            "legend_fields_to_hide": null,
            "legend_options_fields": [],
            "max_delay": null,
            "minimum_resolution": null,
            "name": "Network Bytes In  vs. 24h Change %",
            "on_chart_legend_dimension": "plot_label",
            "plot_type": "ColumnChart",
            "program_text": "A = data('system.network.io', filter=filter('direction', 'receive') and filter('host', '*') and (not filter('cloud.provider', '*')) and (not filter('AWSUniqueId', '*')) and (not filter('gcp_id', '*')) and (not filter('azure_resource_id', '*')) and (not filter('kubernetes_node', '*'))).sum().scale(60).mean(over='1h').publish(label='A')\nC = (A).timeshift('1d').publish(label='C', enable=False)\nD = (A/C-1).scale(100).publish(label='D')\n",
            "show_data_markers": false,
            "show_event_lines": false,
            "stacked": false,
            "start_time": null,
            "tags": null,
            "time_range": 3600,
            "timezone": "UTC",
            "unit_prefix": "Binary",
            "url": "https://scripps.signalfx.com/#/chart/FZ78T-RAwAg",
            "viz_options": [
              {
                "axis": "left",
                "color": "",
                "display_name": "A - Timeshift 1d",
                "label": "C",
                "plot_type": "",
                "value_prefix": "",
                "value_suffix": "",
                "value_unit": ""
              },
              {
                "axis": "left",
                "color": "blue",
                "display_name": "bytes in",
                "label": "A",
                "plot_type": "",
                "value_prefix": "",
                "value_suffix": "",
                "value_unit": "Byte"
              },
              {
                "axis": "right",
                "color": "orange",
                "display_name": "24h change %",
                "label": "D",
                "plot_type": "LineChart",
                "value_prefix": "",
                "value_suffix": "",
                "value_unit": "Byte"
              }
            ]
          },
          "sensitive_attributes": [],
          "private": "eyJzY2hlbWFfdmVyc2lvbiI6IjEifQ=="
        }
      ]
    }
  ]
}
